
Microsoft Visual Studio Solution File, Format Version 12.00
# Visual Studio Version 17
VisualStudioVersion = 17.13.35931.197 d17.13
MinimumVisualStudioVersion = 10.0.40219.1
Project("{FAE04EC0-301F-11D3-BF4B-00C04F79EFBC}") = "calculator", "calculator\calculator.csproj", "{C7E1107F-7DF5-4E7B-BDF2-50D92B57DBC4}"
EndProject
Global
	GlobalSection(SolutionConfigurationPlatforms) = preSolution
		Debug|Any CPU = Debug|Any CPU
		Release|Any CPU = Release|Any CPU
	EndGlobalSection
	GlobalSection(ProjectConfigurationPlatforms) = postSolution
		{C7E1107F-7DF5-4E7B-BDF2-50D92B57DBC4}.Debug|Any CPU.ActiveCfg = Debug|Any CPU
		{C7E1107F-7DF5-4E7B-BDF2-50D92B57DBC4}.Debug|Any CPU.Build.0 = Debug|Any CPU
		{C7E1107F-7DF5-4E7B-BDF2-50D92B57DBC4}.Release|Any CPU.ActiveCfg = Release|Any CPU
		{C7E1107F-7DF5-4E7B-BDF2-50D92B57DBC4}.Release|Any CPU.Build.0 = Release|Any CPU
	EndGlobalSection
	GlobalSection(SolutionProperties) = preSolution
		HideSolutionNode = FALSE
	EndGlobalSection
	GlobalSection(ExtensibilityGlobals) = postSolution
		SolutionGuid = {6FFA4EB1-3C2F-42F2-BBC9-7E33A64D388B}
	EndGlobalSection
EndGlobal
